<?xml version="1.0" encoding="UTF-8" standalone="yes" ?>
<CodeBlocks_project_file>
	<FileVersion major="1" minor="6" />
	<Project>
		<Option title="TiposPC" />
		<Option pch_mode="2" />
		<Option compiler="gcc" />
		<Build>
			<Target title="Debug">
				<Option output="bin/Debug/TiposPC" prefix_auto="1" extension_auto="1" />
				<Option object_output="obj/Debug/" />
				<Option type="1" />
				<Option compiler="gcc" />
				<Compiler>
					<Add option="-g" />
					<Add directory="./" />
				</Compiler>
			</Target>
			<Target title="Release">
				<Option output="bin/Release/TiposPC" prefix_auto="1" extension_auto="1" />
				<Option object_output="obj/Release/" />
				<Option type="1" />
				<Option compiler="gcc" />
				<Compiler>
					<Add option="-O2" />
					<Add directory="./" />
				</Compiler>
				<Linker>
					<Add option="-s" />
				</Linker>
			</Target>
		</Build>
		<Compiler>
			<Add option="-Wall" />
			<Add option="-fexceptions" />
		</Compiler>
		<Unit filename="CPU.cpp" />
		<Unit filename="CPU.h" />
		<Unit filename="Computador.cpp" />
		<Unit filename="Computador.h" />
		<Unit filename="Gamer.cpp" />
		<Unit filename="Gamer.h" />
		<Unit filename="Oficina.cpp" />
		<Unit filename="Oficina.h" />
		<Unit filename="Programador.cpp" />
		<Unit filename="Programador.h" />
		<Unit filename="Servidor.cpp" />
		<Unit filename="Servidor.h" />
		<Unit filename="Utilerias.cpp" />
		<Unit filename="Utilerias.h" />
		<Unit filename="main.cpp" />
		<Extensions>
			<lib_finder disable_auto="1" />
		</Extensions>
	</Project>
</CodeBlocks_project_file>
